{
  "name": "trello-json-collect",
  "version": "1.0.0",
  "lockfileVersion": 1,
  "requires": true,
  "dependencies": {
    "axios": {
      "version": "0.19.2",
      "resolved": "https://registry.npmjs.org/axios/-/axios-0.19.2.tgz",
      "integrity": "sha512-fjgm5MvRHLhx+osE2xoekY70AhARk3a6hkN+3Io1jc00jtquGvxYlKlsFUhmUET0V5te6CcZI7lcv2Ym61mjHA==",
      "requires": {
        "follow-redirects": "1.5.10"
      }
    },
    "commander": {
      "version": "6.0.0",
      "resolved": "https://registry.npmjs.org/commander/-/commander-6.0.0.tgz",
      "integrity": "sha512-s7EA+hDtTYNhuXkTlhqew4txMZVdszBmKWSPEMxGr8ru8JXR7bLUFIAtPhcSuFdJQ0ILMxnJi8GkQL0yvDy/YA=="
    },
    "debug": {
      "version": "3.1.0",
      "resolved": "https://registry.npmjs.org/debug/-/debug-3.1.0.tgz",
      "integrity": "sha512-OX8XqP7/1a9cqkxYw2yXss15f26NKWBpDXQd0/uK/KPqdQhxbPa994hnzjcE2VqQpDslf55723cKPUOGSmMY3g==",
      "requires": {
        "ms": "2.0.0"
      }
    },
    "deeks": {
      "version": "2.2.6",
      "resolved": "https://registry.npmjs.org/deeks/-/deeks-2.2.6.tgz",
      "integrity": "sha512-KlfWy96oUxxfAEC8q8QVoik++6yWsTYT9Cm5S6nUddLciZaOy7WDfcFbVCyeHKFO44ptWxtz7sQd9Upm4SGf4g=="
    },
    "doc-path": {
      "version": "2.0.4",
      "resolved": "https://registry.npmjs.org/doc-path/-/doc-path-2.0.4.tgz",
      "integrity": "sha512-y/Q1mjxFks4hvNv1KZkkuTZ6lx9zxLtldKf5GsMTdIXF4gNAOaXZ3YxrgHg/uO7JSME1xw/+G7fZ7/Dj/Ss88g=="
    },
    "dotenv": {
      "version": "8.2.0",
      "resolved": "https://registry.npmjs.org/dotenv/-/dotenv-8.2.0.tgz",
      "integrity": "sha512-8sJ78ElpbDJBHNeBzUbUVLsqKdccaa/BXF1uPTw3GrvQTBgrQrtObr2mUrE38vzYd8cEv+m/JBfDLioYcfXoaw=="
    },
    "follow-redirects": {
      "version": "1.5.10",
      "resolved": "https://registry.npmjs.org/follow-redirects/-/follow-redirects-1.5.10.tgz",
      "integrity": "sha512-0V5l4Cizzvqt5D44aTXbFZz+FtyXV1vrDN6qrelxtfYQKW0KO0W2T/hkE8xvGa/540LkZlkaUjO4ailYTFtHVQ==",
      "requires": {
        "debug": "=3.1.0"
      }
    },
    "json-2-csv": {
      "version": "3.7.6",
      "resolved": "https://registry.npmjs.org/json-2-csv/-/json-2-csv-3.7.6.tgz",
      "integrity": "sha512-um9bT7CgI77f/m5G/V5uRKz9UruFQFijD5Fh+EAnr5QowOJpdIk1ya37KSq1MxjBnJgvmpqCnI7ZjsvyTYiW0w==",
      "requires": {
        "deeks": "2.2.6",
        "doc-path": "2.0.4"
      }
    },
    "ms": {
      "version": "2.0.0",
      "resolved": "https://registry.npmjs.org/ms/-/ms-2.0.0.tgz",
      "integrity": "sha1-VgiurfwAvmwpAd9fmGF4jeDVl8g="
    }
  }
}
